
Microsoft Visual Studio Solution File, Format Version 12.00
# Visual Studio 15
VisualStudioVersion = 15.0.27130.2010
MinimumVisualStudioVersion = 10.0.40219.1
Project("{9A19103F-16F7-4668-BE54-9A1E7A4F7556}") = "AkkaBank.Web.Presentation", "AkkaDakka.Web.Presentation\AkkaBank.Web.Presentation.csproj", "{97B4510A-5FD4-416D-9749-6BC4E3353A42}"
EndProject
Project("{9A19103F-16F7-4668-BE54-9A1E7A4F7556}") = "AkkaBank.BasicBank", "AkkaDakka.BasicBank\AkkaBank.BasicBank.csproj", "{49941E6E-4D92-4335-AEC0-061C825DA2FA}"
EndProject
Project("{9A19103F-16F7-4668-BE54-9A1E7A4F7556}") = "AkkaBank.ConsoleDirect", "AkkaBank.ConsoleDirect\AkkaBank.ConsoleDirect.csproj", "{D040DBA8-A4F5-4333-9D28-64187635DC2F}"
EndProject
Project("{9A19103F-16F7-4668-BE54-9A1E7A4F7556}") = "AkkaBank.ConsoleAtmV1", "AkkaBank.ConsoleAtmV1\AkkaBank.ConsoleAtmV1.csproj", "{75E3106B-A27C-4737-A30A-0D470506C7C6}"
EndProject
Project("{9A19103F-16F7-4668-BE54-9A1E7A4F7556}") = "AkkaBank.ConsoleAtmV2", "AkkaBank.ConsoleAtmV2\AkkaBank.ConsoleAtmV2.csproj", "{2F5961A9-D1F4-40A5-A4E3-B231751474A7}"
EndProject
Project("{FAE04EC0-301F-11D3-BF4B-00C04F79EFBC}") = "AkkaBank.ConsoleNode", "AkkaBank.ConsoleNode\AkkaBank.ConsoleNode.csproj", "{BF25CC7B-86E9-4632-98B0-7EEB5D9C1F00}"
EndProject
Global
	GlobalSection(SolutionConfigurationPlatforms) = preSolution
		Debug|Any CPU = Debug|Any CPU
		Release|Any CPU = Release|Any CPU
	EndGlobalSection
	GlobalSection(ProjectConfigurationPlatforms) = postSolution
		{97B4510A-5FD4-416D-9749-6BC4E3353A42}.Debug|Any CPU.ActiveCfg = Debug|Any CPU
		{97B4510A-5FD4-416D-9749-6BC4E3353A42}.Debug|Any CPU.Build.0 = Debug|Any CPU
		{97B4510A-5FD4-416D-9749-6BC4E3353A42}.Release|Any CPU.ActiveCfg = Release|Any CPU
		{97B4510A-5FD4-416D-9749-6BC4E3353A42}.Release|Any CPU.Build.0 = Release|Any CPU
		{49941E6E-4D92-4335-AEC0-061C825DA2FA}.Debug|Any CPU.ActiveCfg = Debug|Any CPU
		{49941E6E-4D92-4335-AEC0-061C825DA2FA}.Debug|Any CPU.Build.0 = Debug|Any CPU
		{49941E6E-4D92-4335-AEC0-061C825DA2FA}.Release|Any CPU.ActiveCfg = Release|Any CPU
		{49941E6E-4D92-4335-AEC0-061C825DA2FA}.Release|Any CPU.Build.0 = Release|Any CPU
		{D040DBA8-A4F5-4333-9D28-64187635DC2F}.Debug|Any CPU.ActiveCfg = Debug|Any CPU
		{D040DBA8-A4F5-4333-9D28-64187635DC2F}.Debug|Any CPU.Build.0 = Debug|Any CPU
		{D040DBA8-A4F5-4333-9D28-64187635DC2F}.Release|Any CPU.ActiveCfg = Release|Any CPU
		{D040DBA8-A4F5-4333-9D28-64187635DC2F}.Release|Any CPU.Build.0 = Release|Any CPU
		{75E3106B-A27C-4737-A30A-0D470506C7C6}.Debug|Any CPU.ActiveCfg = Debug|Any CPU
		{75E3106B-A27C-4737-A30A-0D470506C7C6}.Debug|Any CPU.Build.0 = Debug|Any CPU
		{75E3106B-A27C-4737-A30A-0D470506C7C6}.Release|Any CPU.ActiveCfg = Release|Any CPU
		{75E3106B-A27C-4737-A30A-0D470506C7C6}.Release|Any CPU.Build.0 = Release|Any CPU
		{2F5961A9-D1F4-40A5-A4E3-B231751474A7}.Debug|Any CPU.ActiveCfg = Debug|Any CPU
		{2F5961A9-D1F4-40A5-A4E3-B231751474A7}.Debug|Any CPU.Build.0 = Debug|Any CPU
		{2F5961A9-D1F4-40A5-A4E3-B231751474A7}.Release|Any CPU.ActiveCfg = Release|Any CPU
		{2F5961A9-D1F4-40A5-A4E3-B231751474A7}.Release|Any CPU.Build.0 = Release|Any CPU
		{BF25CC7B-86E9-4632-98B0-7EEB5D9C1F00}.Debug|Any CPU.ActiveCfg = Debug|Any CPU
		{BF25CC7B-86E9-4632-98B0-7EEB5D9C1F00}.Debug|Any CPU.Build.0 = Debug|Any CPU
		{BF25CC7B-86E9-4632-98B0-7EEB5D9C1F00}.Release|Any CPU.ActiveCfg = Release|Any CPU
		{BF25CC7B-86E9-4632-98B0-7EEB5D9C1F00}.Release|Any CPU.Build.0 = Release|Any CPU
	EndGlobalSection
	GlobalSection(SolutionProperties) = preSolution
		HideSolutionNode = FALSE
	EndGlobalSection
	GlobalSection(ExtensibilityGlobals) = postSolution
		SolutionGuid = {35A3B893-6F6D-4863-8254-0734C08191DA}
	EndGlobalSection
EndGlobal
