
Microsoft Visual Studio Solution File, Format Version 12.00
# Visual Studio 15
VisualStudioVersion = 15.0.27130.2010
MinimumVisualStudioVersion = 10.0.40219.1
Project("{9A19103F-16F7-4668-BE54-9A1E7A4F7556}") = "AkkaBank.Web.Presentation", "AkkaDakka.Web.Presentation\AkkaBank.Web.Presentation.csproj", "{97B4510A-5FD4-416D-9749-6BC4E3353A42}"
EndProject
Project("{9A19103F-16F7-4668-BE54-9A1E7A4F7556}") = "AkkaBank.BasicBank", "AkkaDakka.BasicBank\AkkaBank.BasicBank.csproj", "{49941E6E-4D92-4335-AEC0-061C825DA2FA}"
EndProject
Project("{9A19103F-16F7-4668-BE54-9A1E7A4F7556}") = "AkkaBank.ConsoleDirect", "AkkaBank.ConsoleDirect\AkkaBank.ConsoleDirect.csproj", "{D040DBA8-A4F5-4333-9D28-64187635DC2F}"
EndProject
Project("{9A19103F-16F7-4668-BE54-9A1E7A4F7556}") = "AkkaBank.ConsoleAtmV1", "AkkaBank.ConsoleAtmV1\AkkaBank.ConsoleAtmV1.csproj", "{75E3106B-A27C-4737-A30A-0D470506C7C6}"
EndProject
Project("{9A19103F-16F7-4668-BE54-9A1E7A4F7556}") = "AkkaBank.ConsoleAtmV2", "AkkaBank.ConsoleAtmV2\AkkaBank.ConsoleAtmV2.csproj", "{2F5961A9-D1F4-40A5-A4E3-B231751474A7}"
EndProject
Project("{9A19103F-16F7-4668-BE54-9A1E7A4F7556}") = "AkkaBank.ConsoleNodeBank1", "AkkaBank.ConsoleNodeBank1\AkkaBank.ConsoleNodeBank1.csproj", "{C3D0E08E-A2DA-4A0E-B331-1D908FE74E5F}"
EndProject
Project("{9A19103F-16F7-4668-BE54-9A1E7A4F7556}") = "AkkaBank.ConsoleNodeAtm1", "AkkaBank.ConsoleNodeAtm1\AkkaBank.ConsoleNodeAtm1.csproj", "{96E1DFC3-6771-4F19-9414-330A45BC3CD6}"
EndProject
Project("{9A19103F-16F7-4668-BE54-9A1E7A4F7556}") = "AkkaBank.ConsoleNodeAtm2", "AkkaBank.ConsoleNodeAtm2\AkkaBank.ConsoleNodeAtm2.csproj", "{B41B3DF3-FA94-4E35-8DF8-336F34AD1030}"
EndProject
Project("{9A19103F-16F7-4668-BE54-9A1E7A4F7556}") = "AkkaBank.ConsoleNode", "AkkaBank.ConsoleNode\AkkaBank.ConsoleNode.csproj", "{07F42EF4-C930-46DF-87EF-A663195AEC02}"
EndProject
Project("{2150E333-8FDC-42A3-9474-1A3956D46DE8}") = "Cluster", "Cluster", "{1F5CACB9-6E67-4F93-926C-8B7B44EB47BC}"
EndProject
Project("{2150E333-8FDC-42A3-9474-1A3956D46DE8}") = "Standalone", "Standalone", "{25C26BD5-1D0C-4D7C-B132-66B4F7128DE1}"
EndProject
Project("{9A19103F-16F7-4668-BE54-9A1E7A4F7556}") = "AkkaBank.ConsoleNodeSeed", "AkkaBank.ConsoleNodeSeed\AkkaBank.ConsoleNodeSeed.csproj", "{B3C43EAA-5B63-44D3-8DC1-D94212C7BB11}"
EndProject
Global
	GlobalSection(SolutionConfigurationPlatforms) = preSolution
		Debug|Any CPU = Debug|Any CPU
		Release|Any CPU = Release|Any CPU
	EndGlobalSection
	GlobalSection(ProjectConfigurationPlatforms) = postSolution
		{97B4510A-5FD4-416D-9749-6BC4E3353A42}.Debug|Any CPU.ActiveCfg = Debug|Any CPU
		{97B4510A-5FD4-416D-9749-6BC4E3353A42}.Debug|Any CPU.Build.0 = Debug|Any CPU
		{97B4510A-5FD4-416D-9749-6BC4E3353A42}.Release|Any CPU.ActiveCfg = Release|Any CPU
		{97B4510A-5FD4-416D-9749-6BC4E3353A42}.Release|Any CPU.Build.0 = Release|Any CPU
		{49941E6E-4D92-4335-AEC0-061C825DA2FA}.Debug|Any CPU.ActiveCfg = Debug|Any CPU
		{49941E6E-4D92-4335-AEC0-061C825DA2FA}.Debug|Any CPU.Build.0 = Debug|Any CPU
		{49941E6E-4D92-4335-AEC0-061C825DA2FA}.Release|Any CPU.ActiveCfg = Release|Any CPU
		{49941E6E-4D92-4335-AEC0-061C825DA2FA}.Release|Any CPU.Build.0 = Release|Any CPU
		{D040DBA8-A4F5-4333-9D28-64187635DC2F}.Debug|Any CPU.ActiveCfg = Debug|Any CPU
		{D040DBA8-A4F5-4333-9D28-64187635DC2F}.Debug|Any CPU.Build.0 = Debug|Any CPU
		{D040DBA8-A4F5-4333-9D28-64187635DC2F}.Release|Any CPU.ActiveCfg = Release|Any CPU
		{D040DBA8-A4F5-4333-9D28-64187635DC2F}.Release|Any CPU.Build.0 = Release|Any CPU
		{75E3106B-A27C-4737-A30A-0D470506C7C6}.Debug|Any CPU.ActiveCfg = Debug|Any CPU
		{75E3106B-A27C-4737-A30A-0D470506C7C6}.Debug|Any CPU.Build.0 = Debug|Any CPU
		{75E3106B-A27C-4737-A30A-0D470506C7C6}.Release|Any CPU.ActiveCfg = Release|Any CPU
		{75E3106B-A27C-4737-A30A-0D470506C7C6}.Release|Any CPU.Build.0 = Release|Any CPU
		{2F5961A9-D1F4-40A5-A4E3-B231751474A7}.Debug|Any CPU.ActiveCfg = Debug|Any CPU
		{2F5961A9-D1F4-40A5-A4E3-B231751474A7}.Debug|Any CPU.Build.0 = Debug|Any CPU
		{2F5961A9-D1F4-40A5-A4E3-B231751474A7}.Release|Any CPU.ActiveCfg = Release|Any CPU
		{2F5961A9-D1F4-40A5-A4E3-B231751474A7}.Release|Any CPU.Build.0 = Release|Any CPU
		{C3D0E08E-A2DA-4A0E-B331-1D908FE74E5F}.Debug|Any CPU.ActiveCfg = Debug|Any CPU
		{C3D0E08E-A2DA-4A0E-B331-1D908FE74E5F}.Debug|Any CPU.Build.0 = Debug|Any CPU
		{C3D0E08E-A2DA-4A0E-B331-1D908FE74E5F}.Release|Any CPU.ActiveCfg = Release|Any CPU
		{C3D0E08E-A2DA-4A0E-B331-1D908FE74E5F}.Release|Any CPU.Build.0 = Release|Any CPU
		{96E1DFC3-6771-4F19-9414-330A45BC3CD6}.Debug|Any CPU.ActiveCfg = Debug|Any CPU
		{96E1DFC3-6771-4F19-9414-330A45BC3CD6}.Debug|Any CPU.Build.0 = Debug|Any CPU
		{96E1DFC3-6771-4F19-9414-330A45BC3CD6}.Release|Any CPU.ActiveCfg = Release|Any CPU
		{96E1DFC3-6771-4F19-9414-330A45BC3CD6}.Release|Any CPU.Build.0 = Release|Any CPU
		{B41B3DF3-FA94-4E35-8DF8-336F34AD1030}.Debug|Any CPU.ActiveCfg = Debug|Any CPU
		{B41B3DF3-FA94-4E35-8DF8-336F34AD1030}.Debug|Any CPU.Build.0 = Debug|Any CPU
		{B41B3DF3-FA94-4E35-8DF8-336F34AD1030}.Release|Any CPU.ActiveCfg = Release|Any CPU
		{B41B3DF3-FA94-4E35-8DF8-336F34AD1030}.Release|Any CPU.Build.0 = Release|Any CPU
		{07F42EF4-C930-46DF-87EF-A663195AEC02}.Debug|Any CPU.ActiveCfg = Debug|Any CPU
		{07F42EF4-C930-46DF-87EF-A663195AEC02}.Debug|Any CPU.Build.0 = Debug|Any CPU
		{07F42EF4-C930-46DF-87EF-A663195AEC02}.Release|Any CPU.ActiveCfg = Release|Any CPU
		{07F42EF4-C930-46DF-87EF-A663195AEC02}.Release|Any CPU.Build.0 = Release|Any CPU
		{B3C43EAA-5B63-44D3-8DC1-D94212C7BB11}.Debug|Any CPU.ActiveCfg = Debug|Any CPU
		{B3C43EAA-5B63-44D3-8DC1-D94212C7BB11}.Debug|Any CPU.Build.0 = Debug|Any CPU
		{B3C43EAA-5B63-44D3-8DC1-D94212C7BB11}.Release|Any CPU.ActiveCfg = Release|Any CPU
		{B3C43EAA-5B63-44D3-8DC1-D94212C7BB11}.Release|Any CPU.Build.0 = Release|Any CPU
	EndGlobalSection
	GlobalSection(SolutionProperties) = preSolution
		HideSolutionNode = FALSE
	EndGlobalSection
	GlobalSection(NestedProjects) = preSolution
		{D040DBA8-A4F5-4333-9D28-64187635DC2F} = {25C26BD5-1D0C-4D7C-B132-66B4F7128DE1}
		{75E3106B-A27C-4737-A30A-0D470506C7C6} = {25C26BD5-1D0C-4D7C-B132-66B4F7128DE1}
		{2F5961A9-D1F4-40A5-A4E3-B231751474A7} = {25C26BD5-1D0C-4D7C-B132-66B4F7128DE1}
		{C3D0E08E-A2DA-4A0E-B331-1D908FE74E5F} = {1F5CACB9-6E67-4F93-926C-8B7B44EB47BC}
		{96E1DFC3-6771-4F19-9414-330A45BC3CD6} = {1F5CACB9-6E67-4F93-926C-8B7B44EB47BC}
		{B41B3DF3-FA94-4E35-8DF8-336F34AD1030} = {1F5CACB9-6E67-4F93-926C-8B7B44EB47BC}
		{07F42EF4-C930-46DF-87EF-A663195AEC02} = {1F5CACB9-6E67-4F93-926C-8B7B44EB47BC}
		{B3C43EAA-5B63-44D3-8DC1-D94212C7BB11} = {1F5CACB9-6E67-4F93-926C-8B7B44EB47BC}
	EndGlobalSection
	GlobalSection(ExtensibilityGlobals) = postSolution
		SolutionGuid = {35A3B893-6F6D-4863-8254-0734C08191DA}
	EndGlobalSection
EndGlobal
